
Microsoft Visual Studio Solution File, Format Version 11.00
# Visual Studio 2010
# SharpDevelop 4.4
Project("{A33008B1-5DAC-44D5-9060-242E3B6E38F2}") = "platformer b6", "platformer b6\platformer b6.booproj", "{0A40762C-1FFE-4AC0-918B-5B06B0533D8F}"
EndProject
Global
	GlobalSection(SolutionConfigurationPlatforms) = preSolution
		Debug|Any CPU = Debug|Any CPU
		Release|Any CPU = Release|Any CPU
	EndGlobalSection
	GlobalSection(ProjectConfigurationPlatforms) = postSolution
		{0A40762C-1FFE-4AC0-918B-5B06B0533D8F}.Debug|Any CPU.Build.0 = Debug|Any CPU
		{0A40762C-1FFE-4AC0-918B-5B06B0533D8F}.Debug|Any CPU.ActiveCfg = Debug|Any CPU
		{0A40762C-1FFE-4AC0-918B-5B06B0533D8F}.Release|Any CPU.Build.0 = Release|Any CPU
		{0A40762C-1FFE-4AC0-918B-5B06B0533D8F}.Release|Any CPU.ActiveCfg = Release|Any CPU
	EndGlobalSection
EndGlobal
